
Microsoft Visual Studio Solution File, Format Version 12.00
# Visual Studio Version 17
VisualStudioVersion = 17.10.35013.160
MinimumVisualStudioVersion = 10.0.40219.1
Project("{FAE04EC0-301F-11D3-BF4B-00C04F79EFBC}") = "24-7 (תוכנה עזרה לרבנות בגיטים)", "24-7 (תוכנה עזרה לרבנות בגיטים)\24-7 (תוכנה עזרה לרבנות בגיטים).csproj", "{BEDADA9D-E46A-4C3F-8603-2866E8C5ED4F}"
EndProject
Global
	GlobalSection(SolutionConfigurationPlatforms) = preSolution
		Debug|Any CPU = Debug|Any CPU
		Release|Any CPU = Release|Any CPU
	EndGlobalSection
	GlobalSection(ProjectConfigurationPlatforms) = postSolution
		{BEDADA9D-E46A-4C3F-8603-2866E8C5ED4F}.Debug|Any CPU.ActiveCfg = Debug|Any CPU
		{BEDADA9D-E46A-4C3F-8603-2866E8C5ED4F}.Debug|Any CPU.Build.0 = Debug|Any CPU
		{BEDADA9D-E46A-4C3F-8603-2866E8C5ED4F}.Release|Any CPU.ActiveCfg = Release|Any CPU
		{BEDADA9D-E46A-4C3F-8603-2866E8C5ED4F}.Release|Any CPU.Build.0 = Release|Any CPU
	EndGlobalSection
	GlobalSection(SolutionProperties) = preSolution
		HideSolutionNode = FALSE
	EndGlobalSection
	GlobalSection(ExtensibilityGlobals) = postSolution
		SolutionGuid = {9693460A-9934-45E4-9E32-FD6075DFD18D}
	EndGlobalSection
EndGlobal
